Microsoft Visual Studio Solution File, Format Version 11.00
# Visual Studio 2008

Project("{47F45E65-244C-17EC-9FA8-771A5C6D60E1}") = "ARM", "Assembly-CSharp.csproj", "{70A75BEC-4FB8-B775-7466-0BDDA5406081}"
EndProject
Project("{47F45E65-244C-17EC-9FA8-771A5C6D60E1}") = "ARM", "Assembly-CSharp-Editor.csproj", "{A243DF18-B13F-75E1-2503-E6B900573C07}"
EndProject
Global
	GlobalSection(SolutionConfigurationPlatforms) = preSolution
		Debug|Any CPU = Debug|Any CPU
		Release|Any CPU = Release|Any CPU
	EndGlobalSection
	GlobalSection(ProjectConfigurationPlatforms) = postSolution
		{70A75BEC-4FB8-B775-7466-0BDDA5406081}.Debug|Any CPU.ActiveCfg = Debug|Any CPU
		{70A75BEC-4FB8-B775-7466-0BDDA5406081}.Debug|Any CPU.Build.0 = Debug|Any CPU
		{70A75BEC-4FB8-B775-7466-0BDDA5406081}.Release|Any CPU.ActiveCfg = Release|Any CPU
		{70A75BEC-4FB8-B775-7466-0BDDA5406081}.Release|Any CPU.Build.0 = Release|Any CPU
		{A243DF18-B13F-75E1-2503-E6B900573C07}.Debug|Any CPU.ActiveCfg = Debug|Any CPU
		{A243DF18-B13F-75E1-2503-E6B900573C07}.Debug|Any CPU.Build.0 = Debug|Any CPU
		{A243DF18-B13F-75E1-2503-E6B900573C07}.Release|Any CPU.ActiveCfg = Release|Any CPU
		{A243DF18-B13F-75E1-2503-E6B900573C07}.Release|Any CPU.Build.0 = Release|Any CPU
	EndGlobalSection
	GlobalSection(SolutionProperties) = preSolution
		HideSolutionNode = FALSE
	EndGlobalSection
	GlobalSection(MonoDevelopProperties) = preSolution
		StartupItem = Assembly-CSharp.csproj
	EndGlobalSection
EndGlobal
